
Microsoft Visual Studio Solution File, Format Version 12.00
# Visual Studio Version 16
VisualStudioVersion = 25.0.1706.2
MinimumVisualStudioVersion = 10.0.40219.1
Project("{FAE04EC0-301F-11D3-BF4B-00C04F79EFBC}") = "230802-first-console-app", "230802-first-console-app\230802-first-console-app.csproj", "{07015BD6-1359-4784-91F7-5E43AA93FB0D}"
EndProject
Global
	GlobalSection(SolutionConfigurationPlatforms) = preSolution
		Debug|Any CPU = Debug|Any CPU
		Release|Any CPU = Release|Any CPU
	EndGlobalSection
	GlobalSection(ProjectConfigurationPlatforms) = postSolution
		{07015BD6-1359-4784-91F7-5E43AA93FB0D}.Debug|Any CPU.ActiveCfg = Debug|Any CPU
		{07015BD6-1359-4784-91F7-5E43AA93FB0D}.Debug|Any CPU.Build.0 = Debug|Any CPU
		{07015BD6-1359-4784-91F7-5E43AA93FB0D}.Release|Any CPU.ActiveCfg = Release|Any CPU
		{07015BD6-1359-4784-91F7-5E43AA93FB0D}.Release|Any CPU.Build.0 = Release|Any CPU
	EndGlobalSection
	GlobalSection(SolutionProperties) = preSolution
		HideSolutionNode = FALSE
	EndGlobalSection
	GlobalSection(ExtensibilityGlobals) = postSolution
		SolutionGuid = {2CA7EBF3-A7AC-46F0-B96C-52FB4D171CD6}
	EndGlobalSection
EndGlobal
